
Microsoft Visual Studio Solution File, Format Version 12.00
# Visual Studio 15
VisualStudioVersion = 15.0.28307.539
MinimumVisualStudioVersion = 10.0.40219.1
Project("{FAE04EC0-301F-11D3-BF4B-00C04F79EFBC}") = "Lab1", "Lab1\Lab1.csproj", "{7993291B-98ED-4639-B6A2-9B2E479ABEAA}"
EndProject
Global
	GlobalSection(SolutionConfigurationPlatforms) = preSolution
		Debug|Any CPU = Debug|Any CPU
		Release|Any CPU = Release|Any CPU
	EndGlobalSection
	GlobalSection(ProjectConfigurationPlatforms) = postSolution
		{7993291B-98ED-4639-B6A2-9B2E479ABEAA}.Debug|Any CPU.ActiveCfg = Debug|Any CPU
		{7993291B-98ED-4639-B6A2-9B2E479ABEAA}.Debug|Any CPU.Build.0 = Debug|Any CPU
		{7993291B-98ED-4639-B6A2-9B2E479ABEAA}.Release|Any CPU.ActiveCfg = Release|Any CPU
		{7993291B-98ED-4639-B6A2-9B2E479ABEAA}.Release|Any CPU.Build.0 = Release|Any CPU
	EndGlobalSection
	GlobalSection(SolutionProperties) = preSolution
		HideSolutionNode = FALSE
	EndGlobalSection
	GlobalSection(ExtensibilityGlobals) = postSolution
		SolutionGuid = {6415827F-6AC1-4CF9-AD04-C2E2E34587F7}
	EndGlobalSection
EndGlobal
